// !$*UTF8*$!
{
	archiveVersion = 1;
	classes = {
	};
	objectVersion = 46;
	objects = {

/* Begin PBXBuildFile section */
		54B9601F1D97E2F8007B34B8 /* AppDelegate.swift in Sources */ = {isa = PBXBuildFile; fileRef = 54B9601E1D97E2F8007B34B8 /* AppDelegate.swift */; };
		54B960211D97E2F8007B34B8 /* ViewController.swift in Sources */ = {isa = PBXBuildFile; fileRef = 54B960201D97E2F8007B34B8 /* ViewController.swift */; };
		54B960241D97E2F8007B34B8 /* Main.storyboard in Resources */ = {isa = PBXBuildFile; fileRef = 54B960221D97E2F8007B34B8 /* Main.storyboard */; };
		54B960261D97E2F8007B34B8 /* Assets.xcassets in Resources */ = {isa = PBXBuildFile; fileRef = 54B960251D97E2F8007B34B8 /* Assets.xcassets */; };
		54B960291D97E2F8007B34B8 /* LaunchScreen.storyboard in Resources */ = {isa = PBXBuildFile; fileRef = 54B960271D97E2F8007B34B8 /* LaunchScreen.storyboard */; };
		54B960341D97E2F8007B34B8 /* MyOmikujiAppTests.swift in Sources */ = {isa = PBXBuildFile; fileRef = 54B960331D97E2F8007B34B8 /* MyOmikujiAppTests.swift */; };
		54B9603F1D97E2F8007B34B8 /* MyOmikujiAppUITests.swift in Sources */ = {isa = PBXBuildFile; fileRef = 54B9603E1D97E2F8007B34B8 /* MyOmikujiAppUITests.swift */; };
/* End PBXBuildFile section */

/* Begin PBXContainerItemProxy section */
		54B960301D97E2F8007B34B8 /* PBXContainerItemProxy */ = {
			isa = PBXContainerItemProxy;
			containerPortal = 54B960131D97E2F7007B34B8 /* Project object */;
			proxyType = 1;
			remoteGlobalIDString = 54B9601A1D97E2F7007B34B8;
			remoteInfo = MyOmikujiApp;
		};
		54B9603B1D97E2F8007B34B8 /* PBXContainerItemProxy */ = {
			isa = PBXContainerItemProxy;
			containerPortal = 54B960131D97E2F7007B34B8 /* Project object */;
			proxyType = 1;
			remoteGlobalIDString = 54B9601A1D97E2F7007B34B8;
			remoteInfo = MyOmikujiApp;
		};
/* End PBXContainerItemProxy section */

/* Begin PBXFileReference section */
		54B9601B1D97E2F7007B34B8 /* MyOmikujiApp.app */ = {isa = PBXFileReference; explicitFileType = wrapper.application; includeInIndex = 0; path = MyOmikujiApp.app; sourceTree = BUILT_PRODUCTS_DIR; };
		54B9601E1D97E2F8007B34B8 /* AppDelegate.swift */ = {isa = PBXFileReference; lastKnownFileType = sourcecode.swift; path = AppDelegate.swift; sourceTree = "<group>"; };
		54B960201D97E2F8007B34B8 /* ViewController.swift */ = {isa = PBXFileReference; lastKnownFileType = sourcecode.swift; path = ViewController.swift; sourceTree = "<group>"; };
		54B960231D97E2F8007B34B8 /* Base */ = {isa = PBXFileReference; lastKnownFileType = file.storyboard; name = Base; path = Base.lproj/Main.storyboard; sourceTree = "<group>"; };
		54B960251D97E2F8007B34B8 /* Assets.xcassets */ = {isa = PBXFileReference; lastKnownFileType = folder.assetcatalog; path = Assets.xcassets; sourceTree = "<group>"; };
		54B960281D97E2F8007B34B8 /* Base */ = {isa = PBXFileReference; lastKnownFileType = file.storyboard; name = Base; path = Base.lproj/LaunchScreen.storyboard; sourceTree = "<group>"; };
		54B9602A1D97E2F8007B34B8 /* Info.plist */ = {isa = PBXFileReference; lastKnownFileType = text.plist.xml; path = Info.plist; sourceTree = "<group>"; };
		54B9602F1D97E2F8007B34B8 /* MyOmikujiAppTests.xctest */ = {isa = PBXFileReference; explicitFileType = wrapper.cfbundle; includeInIndex = 0; path = MyOmikujiAppTests.xctest; sourceTree = BUILT_PRODUCTS_DIR; };
		54B960331D97E2F8007B34B8 /* MyOmikujiAppTests.swift */ = {isa = PBXFileReference; lastKnownFileType = sourcecode.swift; path = MyOmikujiAppTests.swift; sourceTree = "<group>"; };
		54B960351D97E2F8007B34B8 /* Info.plist */ = {isa = PBXFileReference; lastKnownFileType = text.plist.xml; path = Info.plist; sourceTree = "<group>"; };
		54B9603A1D97E2F8007B34B8 /* MyOmikujiAppUITests.xctest */ = {isa = PBXFileReference; explicitFileType = wrapper.cfbundle; includeInIndex = 0; path = MyOmikujiAppUITests.xctest; sourceTree = BUILT_PRODUCTS_DIR; };
		54B9603E1D97E2F8007B34B8 /* MyOmikujiAppUITests.swift */ = {isa = PBXFileReference; lastKnownFileType = sourcecode.swift; path = MyOmikujiAppUITests.swift; sourceTree = "<group>"; };
		54B960401D97E2F8007B34B8 /* Info.plist */ = {isa = PBXFileReference; lastKnownFileType = text.plist.xml; path = Info.plist; sourceTree = "<group>"; };
/* End PBXFileReference section */

/* Begin PBXFrameworksBuildPhase section */
		54B960181D97E2F7007B34B8 /* Frameworks */ = {
			isa = PBXFrameworksBuildPhase;
			buildActionMask = 2147483647;
			files = (
			);
			runOnlyForDeploymentPostprocessing = 0;
		};
		54B9602C1D97E2F8007B34B8 /* Frameworks */ = {
			isa = PBXFrameworksBuildPhase;
			buildActionMask = 2147483647;
			files = (
			);
			runOnlyForDeploymentPostprocessing = 0;
		};
		54B960371D97E2F8007B34B8 /* Frameworks */ = {
			isa = PBXFrameworksBuildPhase;
			buildActionMask = 2147483647;
			files = (
			);
			runOnlyForDeploymentPostprocessing = 0;
		};
/* End PBXFrameworksBuildPhase section */

/* Begin PBXGroup section */
		54B960121D97E2F7007B34B8 = {
			isa = PBXGroup;
			children = (
				54B9601D1D97E2F8007B34B8 /* MyOmikujiApp */,
				54B960321D97E2F8007B34B8 /* MyOmikujiAppTests */,
				54B9603D1D97E2F8007B34B8 /* MyOmikujiAppUITests */,
				54B9601C1D97E2F7007B34B8 /* Products */,
			);
			sourceTree = "<group>";
		};
		54B9601C1D97E2F7007B34B8 /* Products */ = {
			isa = PBXGroup;
			children = (
				54B9601B1D97E2F7007B34B8 /* MyOmikujiApp.app */,
				54B9602F1D97E2F8007B34B8 /* MyOmikujiAppTests.xctest */,
				54B9603A1D97E2F8007B34B8 /* MyOmikujiAppUITests.xctest */,
			);
			name = Products;
			sourceTree = "<group>";
		};
		54B9601D1D97E2F8007B34B8 /* MyOmikujiApp */ = {
			isa = PBXGroup;
			children = (
				54B9601E1D97E2F8007B34B8 /* AppDelegate.swift */,
				54B960201D97E2F8007B34B8 /* ViewController.swift */,
				54B960221D97E2F8007B34B8 /* Main.storyboard */,
				54B960251D97E2F8007B34B8 /* Assets.xcassets */,
				54B960271D97E2F8007B34B8 /* LaunchScreen.storyboard */,
				54B9602A1D97E2F8007B34B8 /* Info.plist */,
			);
			path = MyOmikujiApp;
			sourceTree = "<group>";
		};
		54B960321D97E2F8007B34B8 /* MyOmikujiAppTests */ = {
			isa = PBXGroup;
			children = (
				54B960331D97E2F8007B34B8 /* MyOmikujiAppTests.swift */,
				54B960351D97E2F8007B34B8 /* Info.plist */,
			);
			path = MyOmikujiAppTests;
			sourceTree = "<group>";
		};
		54B9603D1D97E2F8007B34B8 /* MyOmikujiAppUITests */ = {
			isa = PBXGroup;
			children = (
				54B9603E1D97E2F8007B34B8 /* MyOmikujiAppUITests.swift */,
				54B960401D97E2F8007B34B8 /* Info.plist */,
			);
			path = MyOmikujiAppUITests;
			sourceTree = "<group>";
		};
/* End PBXGroup section */

/* Begin PBXNativeTarget section */
		54B9601A1D97E2F7007B34B8 /* MyOmikujiApp */ = {
			isa = PBXNativeTarget;
			buildConfigurationList = 54B960431D97E2F8007B34B8 /* Build configuration list for PBXNativeTarget "MyOmikujiApp" */;
			buildPhases = (
				54B960171D97E2F7007B34B8 /* Sources */,
				54B960181D97E2F7007B34B8 /* Frameworks */,
				54B960191D97E2F7007B34B8 /* Resources */,
			);
			buildRules = (
			);
			dependencies = (
			);
			name = MyOmikujiApp;
			productName = MyOmikujiApp;
			productReference = 54B9601B1D97E2F7007B34B8 /* MyOmikujiApp.app */;
			productType = "com.apple.product-type.application";
		};
		54B9602E1D97E2F8007B34B8 /* MyOmikujiAppTests */ = {
			isa = PBXNativeTarget;
			buildConfigurationList = 54B960461D97E2F8007B34B8 /* Build configuration list for PBXNativeTarget "MyOmikujiAppTests" */;
			buildPhases = (
				54B9602B1D97E2F8007B34B8 /* Sources */,
				54B9602C1D97E2F8007B34B8 /* Frameworks */,
				54B9602D1D97E2F8007B34B8 /* Resources */,
			);
			buildRules = (
			);
			dependencies = (
				54B960311D97E2F8007B34B8 /* PBXTargetDependency */,
			);
			name = MyOmikujiAppTests;
			productName = MyOmikujiAppTests;
			productReference = 54B9602F1D97E2F8007B34B8 /* MyOmikujiAppTests.xctest */;
			productType = "com.apple.product-type.bundle.unit-test";
		};
		54B960391D97E2F8007B34B8 /* MyOmikujiAppUITests */ = {
			isa = PBXNativeTarget;
			buildConfigurationList = 54B960491D97E2F8007B34B8 /* Build configuration list for PBXNativeTarget "MyOmikujiAppUITests" */;
			buildPhases = (
				54B960361D97E2F8007B34B8 /* Sources */,
				54B960371D97E2F8007B34B8 /* Frameworks */,
				54B960381D97E2F8007B34B8 /* Resources */,
			);
			buildRules = (
			);
			dependencies = (
				54B9603C1D97E2F8007B34B8 /* PBXTargetDependency */,
			);
			name = MyOmikujiAppUITests;
			productName = MyOmikujiAppUITests;
			productReference = 54B9603A1D97E2F8007B34B8 /* MyOmikujiAppUITests.xctest */;
			productType = "com.apple.product-type.bundle.ui-testing";
		};
/* End PBXNativeTarget section */

/* Begin PBXProject section */
		54B960131D97E2F7007B34B8 /* Project object */ = {
			isa = PBXProject;
			attributes = {
				LastSwiftUpdateCheck = 0730;
				LastUpgradeCheck = 0730;
				ORGANIZATIONNAME = "takuro taniyama";
				TargetAttributes = {
					54B9601A1D97E2F7007B34B8 = {
						CreatedOnToolsVersion = 7.3.1;
						DevelopmentTeam = 57XW752JYK;
					};
					54B9602E1D97E2F8007B34B8 = {
						CreatedOnToolsVersion = 7.3.1;
						DevelopmentTeam = 57XW752JYK;
						TestTargetID = 54B9601A1D97E2F7007B34B8;
					};
					54B960391D97E2F8007B34B8 = {
						CreatedOnToolsVersion = 7.3.1;
						DevelopmentTeam = 57XW752JYK;
						TestTargetID = 54B9601A1D97E2F7007B34B8;
					};
				};
			};
			buildConfigurationList = 54B960161D97E2F7007B34B8 /* Build configuration list for PBXProject "MyOmikujiApp" */;
			compatibilityVersion = "Xcode 3.2";
			developmentRegion = English;
			hasScannedForEncodings = 0;
			knownRegions = (
				en,
				Base,
			);
			mainGroup = 54B960121D97E2F7007B34B8;
			productRefGroup = 54B9601C1D97E2F7007B34B8 /* Products */;
			projectDirPath = "";
			projectRoot = "";
			targets = (
				54B9601A1D97E2F7007B34B8 /* MyOmikujiApp */,
				54B9602E1D97E2F8007B34B8 /* MyOmikujiAppTests */,
				54B960391D97E2F8007B34B8 /* MyOmikujiAppUITests */,
			);
		};
/* End PBXProject section */

/* Begin PBXResourcesBuildPhase section */
		54B960191D97E2F7007B34B8 /* Resources */ = {
			isa = PBXResourcesBuildPhase;
			buildActionMask = 2147483647;
			files = (
				54B960291D97E2F8007B34B8 /* LaunchScreen.storyboard in Resources */,
				54B960261D97E2F8007B34B8 /* Assets.xcassets in Resources */,
				54B960241D97E2F8007B34B8 /* Main.storyboard in Resources */,
			);
			runOnlyForDeploymentPostprocessing = 0;
		};
		54B9602D1D97E2F8007B34B8 /* Resources */ = {
			isa = PBXResourcesBuildPhase;
			buildActionMask = 2147483647;
			files = (
			);
			runOnlyForDeploymentPostprocessing = 0;
		};
		54B960381D97E2F8007B34B8 /* Resources */ = {
			isa = PBXResourcesBuildPhase;
			buildActionMask = 2147483647;
			files = (
			);
			runOnlyForDeploymentPostprocessing = 0;
		};
/* End PBXResourcesBuildPhase section */

/* Begin PBXSourcesBuildPhase section */
		54B960171D97E2F7007B34B8 /* Sources */ = {
			isa = PBXSourcesBuildPhase;
			buildActionMask = 2147483647;
			files = (
				54B960211D97E2F8007B34B8 /* ViewController.swift in Sources */,
				54B9601F1D97E2F8007B34B8 /* AppDelegate.swift in Sources */,
			);
			runOnlyForDeploymentPostprocessing = 0;
		};
		54B9602B1D97E2F8007B34B8 /* Sources */ = {
			isa = PBXSourcesBuildPhase;
			buildActionMask = 2147483647;
			files = (
				54B960341D97E2F8007B34B8 /* MyOmikujiAppTests.swift in Sources */,
			);
			runOnlyForDeploymentPostprocessing = 0;
		};
		54B960361D97E2F8007B34B8 /* Sources */ = {
			isa = PBXSourcesBuildPhase;
			buildActionMask = 2147483647;
			files = (
				54B9603F1D97E2F8007B34B8 /* MyOmikujiAppUITests.swift in Sources */,
			);
			runOnlyForDeploymentPostprocessing = 0;
		};
/* End PBXSourcesBuildPhase section */

/* Begin PBXTargetDependency section */
		54B960311D97E2F8007B34B8 /* PBXTargetDependency */ = {
			isa = PBXTargetDependency;
			target = 54B9601A1D97E2F7007B34B8 /* MyOmikujiApp */;
			targetProxy = 54B960301D97E2F8007B34B8 /* PBXContainerItemProxy */;
		};
		54B9603C1D97E2F8007B34B8 /* PBXTargetDependency */ = {
			isa = PBXTargetDependency;
			target = 54B9601A1D97E2F7007B34B8 /* MyOmikujiApp */;
			targetProxy = 54B9603B1D97E2F8007B34B8 /* PBXContainerItemProxy */;
		};
/* End PBXTargetDependency section */

/* Begin PBXVariantGroup section */
		54B960221D97E2F8007B34B8 /* Main.storyboard */ = {
			isa = PBXVariantGroup;
			children = (
				54B960231D97E2F8007B34B8 /* Base */,
			);
			name = Main.storyboard;
			sourceTree = "<group>";
		};
		54B960271D97E2F8007B34B8 /* LaunchScreen.storyboard */ = {
			isa = PBXVariantGroup;
			children = (
				54B960281D97E2F8007B34B8 /* Base */,
			);
			name = LaunchScreen.storyboard;
			sourceTree = "<group>";
		};
/* End PBXVariantGroup section */

/* Begin XCBuildConfiguration section */
		54B960411D97E2F8007B34B8 /* Debug */ = {
			isa = XCBuildConfiguration;
			buildSettings = {
				ALWAYS_SEARCH_USER_PATHS = NO;
				CLANG_ANALYZER_NONNULL = YES;
				CLANG_CXX_LANGUAGE_STANDARD = "gnu++0x";
				CLANG_CXX_LIBRARY = "libc++";
				CLANG_ENABLE_MODULES = YES;
				CLANG_ENABLE_OBJC_ARC = YES;
				CLANG_WARN_BOOL_CONVERSION = YES;
				CLANG_WARN_CONSTANT_CONVERSION = YES;
				CLANG_WARN_DIRECT_OBJC_ISA_USAGE = YES_ERROR;
				CLANG_WARN_EMPTY_BODY = YES;
				CLANG_WARN_ENUM_CONVERSION = YES;
				CLANG_WARN_INT_CONVERSION = YES;
				CLANG_WARN_OBJC_ROOT_CLASS = YES_ERROR;
				CLANG_WARN_UNREACHABLE_CODE = YES;
				CLANG_WARN__DUPLICATE_METHOD_MATCH = YES;
				"CODE_SIGN_IDENTITY[sdk=iphoneos*]" = "iPhone Developer";
				COPY_PHASE_STRIP = NO;
				DEBUG_INFORMATION_FORMAT = dwarf;
				ENABLE_STRICT_OBJC_MSGSEND = YES;
				ENABLE_TESTABILITY = YES;
				GCC_C_LANGUAGE_STANDARD = gnu99;
				GCC_DYNAMIC_NO_PIC = NO;
				GCC_NO_COMMON_BLOCKS = YES;
				GCC_OPTIMIZATION_LEVEL = 0;
				GCC_PREPROCESSOR_DEFINITIONS = (
					"DEBUG=1",
					"$(inherited)",
				);
				GCC_WARN_64_TO_32_BIT_CONVERSION = YES;
				GCC_WARN_ABOUT_RETURN_TYPE = YES_ERROR;
				GCC_WARN_UNDECLARED_SELECTOR = YES;
				GCC_WARN_UNINITIALIZED_AUTOS = YES_AGGRESSIVE;
				GCC_WARN_UNUSED_FUNCTION = YES;
				GCC_WARN_UNUSED_VARIABLE = YES;
				IPHONEOS_DEPLOYMENT_TARGET = 9.3;
				MTL_ENABLE_DEBUG_INFO = YES;
				ONLY_ACTIVE_ARCH = YES;
				SDKROOT = iphoneos;
				SWIFT_OPTIMIZATION_LEVEL = "-Onone";
				TARGETED_DEVICE_FAMILY = "1,2";
			};
			name = Debug;
		};
		54B960421D97E2F8007B34B8 /* Release */ = {
			isa = XCBuildConfiguration;
			buildSettings = {
				ALWAYS_SEARCH_USER_PATHS = NO;
				CLANG_ANALYZER_NONNULL = YES;
				CLANG_CXX_LANGUAGE_STANDARD = "gnu++0x";
				CLANG_CXX_LIBRARY = "libc++";
				CLANG_ENABLE_MODULES = YES;
				CLANG_ENABLE_OBJC_ARC = YES;
				CLANG_WARN_BOOL_CONVERSION = YES;
				CLANG_WARN_CONSTANT_CONVERSION = YES;
				CLANG_WARN_DIRECT_OBJC_ISA_USAGE = YES_ERROR;
				CLANG_WARN_EMPTY_BODY = YES;
				CLANG_WARN_ENUM_CONVERSION = YES;
				CLANG_WARN_INT_CONVERSION = YES;
				CLANG_WARN_OBJC_ROOT_CLASS = YES_ERROR;
				CLANG_WARN_UNREACHABLE_CODE = YES;
				CLANG_WARN__DUPLICATE_METHOD_MATCH = YES;
				"CODE_SIGN_IDENTITY[sdk=iphoneos*]" = "iPhone Developer";
				COPY_PHASE_STRIP = NO;
				DEBUG_INFORMATION_FORMAT = "dwarf-with-dsym";
				ENABLE_NS_ASSERTIONS = NO;
				ENABLE_STRICT_OBJC_MSGSEND = YES;
				GCC_C_LANGUAGE_STANDARD = gnu99;
				GCC_NO_COMMON_BLOCKS = YES;
				GCC_WARN_64_TO_32_BIT_CONVERSION = YES;
				GCC_WARN_ABOUT_RETURN_TYPE = YES_ERROR;
				GCC_WARN_UNDECLARED_SELECTOR = YES;
				GCC_WARN_UNINITIALIZED_AUTOS = YES_AGGRESSIVE;
				GCC_WARN_UNUSED_FUNCTION = YES;
				GCC_WARN_UNUSED_VARIABLE = YES;
				IPHONEOS_DEPLOYMENT_TARGET = 9.3;
				MTL_ENABLE_DEBUG_INFO = NO;
				SDKROOT = iphoneos;
				TARGETED_DEVICE_FAMILY = "1,2";
				VALIDATE_PRODUCT = YES;
			};
			name = Release;
		};
		54B960441D97E2F8007B34B8 /* Debug */ = {
			isa = XCBuildConfiguration;
			buildSettings = {
				ASSETCATALOG_COMPILER_APPICON_NAME = AppIcon;
				INFOPLIST_FILE = MyOmikujiApp/Info.plist;
				LD_RUNPATH_SEARCH_PATHS = "$(inherited) @executable_path/Frameworks";
				PRODUCT_BUNDLE_IDENTIFIER = com.takurotaniyama.MyOmikujiApp;
				PRODUCT_NAME = "$(TARGET_NAME)";
			};
			name = Debug;
		};
		54B960451D97E2F8007B34B8 /* Release */ = {
			isa = XCBuildConfiguration;
			buildSettings = {
				ASSETCATALOG_COMPILER_APPICON_NAME = AppIcon;
				INFOPLIST_FILE = MyOmikujiApp/Info.plist;
				LD_RUNPATH_SEARCH_PATHS = "$(inherited) @executable_path/Frameworks";
				PRODUCT_BUNDLE_IDENTIFIER = com.takurotaniyama.MyOmikujiApp;
				PRODUCT_NAME = "$(TARGET_NAME)";
			};
			name = Release;
		};
		54B960471D97E2F8007B34B8 /* Debug */ = {
			isa = XCBuildConfiguration;
			buildSettings = {
				BUNDLE_LOADER = "$(TEST_HOST)";
				INFOPLIST_FILE = MyOmikujiAppTests/Info.plist;
				LD_RUNPATH_SEARCH_PATHS = "$(inherited) @executable_path/Frameworks @loader_path/Frameworks";
				PRODUCT_BUNDLE_IDENTIFIER = com.takurotaniyama.MyOmikujiAppTests;
				PRODUCT_NAME = "$(TARGET_NAME)";
				TEST_HOST = "$(BUILT_PRODUCTS_DIR)/MyOmikujiApp.app/MyOmikujiApp";
			};
			name = Debug;
		};
		54B960481D97E2F8007B34B8 /* Release */ = {
			isa = XCBuildConfiguration;
			buildSettings = {
				BUNDLE_LOADER = "$(TEST_HOST)";
				INFOPLIST_FILE = MyOmikujiAppTests/Info.plist;
				LD_RUNPATH_SEARCH_PATHS = "$(inherited) @executable_path/Frameworks @loader_path/Frameworks";
				PRODUCT_BUNDLE_IDENTIFIER = com.takurotaniyama.MyOmikujiAppTests;
				PRODUCT_NAME = "$(TARGET_NAME)";
				TEST_HOST = "$(BUILT_PRODUCTS_DIR)/MyOmikujiApp.app/MyOmikujiApp";
			};
			name = Release;
		};
		54B9604A1D97E2F8007B34B8 /* Debug */ = {
			isa = XCBuildConfiguration;
			buildSettings = {
				INFOPLIST_FILE = MyOmikujiAppUITests/Info.plist;
				LD_RUNPATH_SEARCH_PATHS = "$(inherited) @executable_path/Frameworks @loader_path/Frameworks";
				PRODUCT_BUNDLE_IDENTIFIER = com.takurotaniyama.MyOmikujiAppUITests;
				PRODUCT_NAME = "$(TARGET_NAME)";
				TEST_TARGET_NAME = MyOmikujiApp;
			};
			name = Debug;
		};
		54B9604B1D97E2F8007B34B8 /* Release */ = {
			isa = XCBuildConfiguration;
			buildSettings = {
				INFOPLIST_FILE = MyOmikujiAppUITests/Info.plist;
				LD_RUNPATH_SEARCH_PATHS = "$(inherited) @executable_path/Frameworks @loader_path/Frameworks";
				PRODUCT_BUNDLE_IDENTIFIER = com.takurotaniyama.MyOmikujiAppUITests;
				PRODUCT_NAME = "$(TARGET_NAME)";
				TEST_TARGET_NAME = MyOmikujiApp;
			};
			name = Release;
		};
/* End XCBuildConfiguration section */

/* Begin XCConfigurationList section */
		54B960161D97E2F7007B34B8 /* Build configuration list for PBXProject "MyOmikujiApp" */ = {
			isa = XCConfigurationList;
			buildConfigurations = (
				54B960411D97E2F8007B34B8 /* Debug */,
				54B960421D97E2F8007B34B8 /* Release */,
			);
			defaultConfigurationIsVisible = 0;
			defaultConfigurationName = Release;
		};
		54B960431D97E2F8007B34B8 /* Build configuration list for PBXNativeTarget "MyOmikujiApp" */ = {
			isa = XCConfigurationList;
			buildConfigurations = (
				54B960441D97E2F8007B34B8 /* Debug */,
				54B960451D97E2F8007B34B8 /* Release */,
			);
			defaultConfigurationIsVisible = 0;
			defaultConfigurationName = Release;
		};
		54B960461D97E2F8007B34B8 /* Build configuration list for PBXNativeTarget "MyOmikujiAppTests" */ = {
			isa = XCConfigurationList;
			buildConfigurations = (
				54B960471D97E2F8007B34B8 /* Debug */,
				54B960481D97E2F8007B34B8 /* Release */,
			);
			defaultConfigurationIsVisible = 0;
			defaultConfigurationName = Release;
		};
		54B960491D97E2F8007B34B8 /* Build configuration list for PBXNativeTarget "MyOmikujiAppUITests" */ = {
			isa = XCConfigurationList;
			buildConfigurations = (
				54B9604A1D97E2F8007B34B8 /* Debug */,
				54B9604B1D97E2F8007B34B8 /* Release */,
			);
			defaultConfigurationIsVisible = 0;
			defaultConfigurationName = Release;
		};
/* End XCConfigurationList section */
	};
	rootObject = 54B960131D97E2F7007B34B8 /* Project object */;
}
